
Microsoft Visual Studio Solution File, Format Version 12.00
# Visual Studio Version 17
VisualStudioVersion = 17.3.32825.248
MinimumVisualStudioVersion = 10.0.40219.1
Project("{FAE04EC0-301F-11D3-BF4B-00C04F79EFBC}") = "ApiCalc", "ApiCalc\ApiCalc.csproj", "{FD9993B8-AE79-4B9A-A925-FD21A1555912}"
EndProject
Global
	GlobalSection(SolutionConfigurationPlatforms) = preSolution
		Debug|Any CPU = Debug|Any CPU
		Release|Any CPU = Release|Any CPU
	EndGlobalSection
	GlobalSection(ProjectConfigurationPlatforms) = postSolution
		{FD9993B8-AE79-4B9A-A925-FD21A1555912}.Debug|Any CPU.ActiveCfg = Debug|Any CPU
		{FD9993B8-AE79-4B9A-A925-FD21A1555912}.Debug|Any CPU.Build.0 = Debug|Any CPU
		{FD9993B8-AE79-4B9A-A925-FD21A1555912}.Release|Any CPU.ActiveCfg = Release|Any CPU
		{FD9993B8-AE79-4B9A-A925-FD21A1555912}.Release|Any CPU.Build.0 = Release|Any CPU
	EndGlobalSection
	GlobalSection(SolutionProperties) = preSolution
		HideSolutionNode = FALSE
	EndGlobalSection
	GlobalSection(ExtensibilityGlobals) = postSolution
		SolutionGuid = {8E7FBA46-6762-4E4E-A839-9FBF4001EDCE}
	EndGlobalSection
EndGlobal
